
Microsoft Visual Studio Solution File, Format Version 12.00
# Visual Studio 14
VisualStudioVersion = 14.0.23107.0
MinimumVisualStudioVersion = 10.0.40219.1
Project("{FAE04EC0-301F-11D3-BF4B-00C04F79EFBC}") = "NLog.AzureStorage", "NLog.AzureStorage\NLog.AzureStorage.csproj", "{22171378-C106-401A-9CFA-CB34540D742D}"
EndProject
Project("{FAE04EC0-301F-11D3-BF4B-00C04F79EFBC}") = "NLog.AzureStorage.Tests", "NLog.AzureStorage.Tests\NLog.AzureStorage.Tests.csproj", "{3D8A4BD5-CD4B-442F-8EE7-99BF069142DA}"
EndProject
Project("{2150E333-8FDC-42A3-9474-1A3956D46DE8}") = "Samples", "Samples", "{25A142E7-2503-4A33-9DEA-CB4C840B1C2F}"
EndProject
Project("{FAE04EC0-301F-11D3-BF4B-00C04F79EFBC}") = "NLog.AzureStorage.Samples.WebAPI", "NLog.AzureStorage.Samples.WebAPI\NLog.AzureStorage.Samples.WebAPI.csproj", "{1A7107FE-D293-4FF4-A5FC-9E68399A37F2}"
EndProject
Global
	GlobalSection(SolutionConfigurationPlatforms) = preSolution
		Debug|Any CPU = Debug|Any CPU
		Release|Any CPU = Release|Any CPU
	EndGlobalSection
	GlobalSection(ProjectConfigurationPlatforms) = postSolution
		{22171378-C106-401A-9CFA-CB34540D742D}.Debug|Any CPU.ActiveCfg = Debug|Any CPU
		{22171378-C106-401A-9CFA-CB34540D742D}.Debug|Any CPU.Build.0 = Debug|Any CPU
		{22171378-C106-401A-9CFA-CB34540D742D}.Release|Any CPU.ActiveCfg = Release|Any CPU
		{22171378-C106-401A-9CFA-CB34540D742D}.Release|Any CPU.Build.0 = Release|Any CPU
		{3D8A4BD5-CD4B-442F-8EE7-99BF069142DA}.Debug|Any CPU.ActiveCfg = Debug|Any CPU
		{3D8A4BD5-CD4B-442F-8EE7-99BF069142DA}.Debug|Any CPU.Build.0 = Debug|Any CPU
		{3D8A4BD5-CD4B-442F-8EE7-99BF069142DA}.Release|Any CPU.ActiveCfg = Release|Any CPU
		{3D8A4BD5-CD4B-442F-8EE7-99BF069142DA}.Release|Any CPU.Build.0 = Release|Any CPU
		{1A7107FE-D293-4FF4-A5FC-9E68399A37F2}.Debug|Any CPU.ActiveCfg = Debug|Any CPU
		{1A7107FE-D293-4FF4-A5FC-9E68399A37F2}.Debug|Any CPU.Build.0 = Debug|Any CPU
		{1A7107FE-D293-4FF4-A5FC-9E68399A37F2}.Release|Any CPU.ActiveCfg = Release|Any CPU
		{1A7107FE-D293-4FF4-A5FC-9E68399A37F2}.Release|Any CPU.Build.0 = Release|Any CPU
	EndGlobalSection
	GlobalSection(SolutionProperties) = preSolution
		HideSolutionNode = FALSE
	EndGlobalSection
	GlobalSection(NestedProjects) = preSolution
		{1A7107FE-D293-4FF4-A5FC-9E68399A37F2} = {25A142E7-2503-4A33-9DEA-CB4C840B1C2F}
	EndGlobalSection
EndGlobal
